{
  "name": "node-red-contrib-ha-mqtt",
  "version": "1.0.1",
  "lockfileVersion": 1,
  "requires": true,
  "dependencies": {
    "commander": {
      "version": "1.1.1",
      "resolved": "https://registry.npmjs.org/commander/-/commander-1.1.1.tgz",
      "integrity": "sha1-UNFlGGiuYOzP8KLZ80WVN2vGsEE=",
      "requires": {
        "keypress": "0.1.x"
      }
    },
    "input-event": {
      "version": "1.2.6",
      "resolved": "https://registry.npmjs.org/input-event/-/input-event-1.2.6.tgz",
      "integrity": "sha512-1aSLTWXfj/zCf65Tr2J0f4JpfcprpjW/UOLf4lQ5G5fsOZwBAGWTJNXcsEJV/0s/w1vgsslvH3bnihI4ZtmC9Q=="
    },
    "keypress": {
      "version": "0.1.0",
      "resolved": "https://registry.npmjs.org/keypress/-/keypress-0.1.0.tgz",
      "integrity": "sha1-SjGI1CkbZrT2XtuZ+AaqmuKTWSo="
    },
    "lodash": {
      "version": "4.17.21",
      "resolved": "https://registry.npmjs.org/lodash/-/lodash-4.17.21.tgz",
      "integrity": "sha512-v2kDEe57lecTulaDIuNTPy3Ry4gLGJ6Z1O3vE1krgXZNrsQ+LFTGHVxVjcXPs17LhbZVGedAJv8XZ1tvj5FvSg=="
    },
    "node-pinyin": {
      "version": "0.2.3",
      "resolved": "https://registry.npmjs.org/node-pinyin/-/node-pinyin-0.2.3.tgz",
      "integrity": "sha1-UGN5e9CgBsGnNs7ph1NWNqVJvZ4=",
      "requires": {
        "commander": "~1.1.1"
      }
    }
  }
}
